// !$*UTF8*$!
{
	archiveVersion = 1;
	classes = {
	};
	objectVersion = 77;
	objects = {

/* Begin PBXBuildFile section */
		58E465922F412E0600FD881B /* README.md in Sources */ = {isa = PBXBuildFile; fileRef = 58E465902F412E0500FD881B /* README.md */; };
/* End PBXBuildFile section */

/* Begin PBXContainerItemProxy section */
		58E4655F2F412D4200FD881B /* PBXContainerItemProxy */ = {
			isa = PBXContainerItemProxy;
			containerPortal = 58E465462F412D4000FD881B /* Project object */;
			proxyType = 1;
			remoteGlobalIDString = 58E4654D2F412D4000FD881B;
			remoteInfo = chessaipractice;
		};
		58E465692F412D4200FD881B /* PBXContainerItemProxy */ = {
			isa = PBXContainerItemProxy;
			containerPortal = 58E465462F412D4000FD881B /* Project object */;
			proxyType = 1;
			remoteGlobalIDString = 58E4654D2F412D4000FD881B;
			remoteInfo = chessaipractice;
		};
/* End PBXContainerItemProxy section */

/* Begin PBXFileReference section */
		58E4654E2F412D4000FD881B /* chessaipractice.app */ = {isa = PBXFileReference; explicitFileType = wrapper.application; includeInIndex = 0; path = chessaipractice.app; sourceTree = BUILT_PRODUCTS_DIR; };
		58E4655E2F412D4200FD881B /* chessaipracticeTests.xctest */ = {isa = PBXFileReference; explicitFileType = wrapper.cfbundle; includeInIndex = 0; path = chessaipracticeTests.xctest; sourceTree = BUILT_PRODUCTS_DIR; };
		58E465682F412D4200FD881B /* chessaipracticeUITests.xctest */ = {isa = PBXFileReference; explicitFileType = wrapper.cfbundle; includeInIndex = 0; path = chessaipracticeUITests.xctest; sourceTree = BUILT_PRODUCTS_DIR; };
		58E465902F412E0500FD881B /* README.md */ = {isa = PBXFileReference; lastKnownFileType = net.daringfireball.markdown; path = README.md; sourceTree = "<group>"; };
/* End PBXFileReference section */

/* Begin PBXFileSystemSynchronizedRootGroup section */
		58E465502F412D4000FD881B /* chessaipractice */ = {
			isa = PBXFileSystemSynchronizedRootGroup;
			path = chessaipractice;
			sourceTree = "<group>";
		};
		58E465612F412D4200FD881B /* chessaipracticeTests */ = {
			isa = PBXFileSystemSynchronizedRootGroup;
			path = chessaipracticeTests;
			sourceTree = "<group>";
		};
		58E4656B2F412D4200FD881B /* chessaipracticeUITests */ = {
			isa = PBXFileSystemSynchronizedRootGroup;
			path = chessaipracticeUITests;
			sourceTree = "<group>";
		};
/* End PBXFileSystemSynchronizedRootGroup section */

/* Begin PBXFrameworksBuildPhase section */
		58E4654B2F412D4000FD881B /* Frameworks */ = {
			isa = PBXFrameworksBuildPhase;
			buildActionMask = 2147483647;
			files = (
			);
			runOnlyForDeploymentPostprocessing = 0;
		};
		58E4655B2F412D4200FD881B /* Frameworks */ = {
			isa = PBXFrameworksBuildPhase;
			buildActionMask = 2147483647;
			files = (
			);
			runOnlyForDeploymentPostprocessing = 0;
		};
		58E465652F412D4200FD881B /* Frameworks */ = {
			isa = PBXFrameworksBuildPhase;
			buildActionMask = 2147483647;
			files = (
			);
			runOnlyForDeploymentPostprocessing = 0;
		};
/* End PBXFrameworksBuildPhase section */

/* Begin PBXGroup section */
		58E465452F412D4000FD881B = {
			isa = PBXGroup;
			children = (
				58E465502F412D4000FD881B /* chessaipractice */,
				58E465612F412D4200FD881B /* chessaipracticeTests */,
				58E4656B2F412D4200FD881B /* chessaipracticeUITests */,
				58E4654F2F412D4000FD881B /* Products */,
				58E465902F412E0500FD881B /* README.md */,
			);
			sourceTree = "<group>";
		};
		58E4654F2F412D4000FD881B /* Products */ = {
			isa = PBXGroup;
			children = (
				58E4654E2F412D4000FD881B /* chessaipractice.app */,
				58E4655E2F412D4200FD881B /* chessaipracticeTests.xctest */,
				58E465682F412D4200FD881B /* chessaipracticeUITests.xctest */,
			);
			name = Products;
			sourceTree = "<group>";
		};
/* End PBXGroup section */

/* Begin PBXNativeTarget section */
		58E4654D2F412D4000FD881B /* chessaipractice */ = {
			isa = PBXNativeTarget;
			buildConfigurationList = 58E465722F412D4200FD881B /* Build configuration list for PBXNativeTarget "chessaipractice" */;
			buildPhases = (
				58E4654A2F412D4000FD881B /* Sources */,
				58E4654B2F412D4000FD881B /* Frameworks */,
				58E4654C2F412D4000FD881B /* Resources */,
			);
			buildRules = (
			);
			dependencies = (
			);
			fileSystemSynchronizedGroups = (
				58E465502F412D4000FD881B /* chessaipractice */,
			);
			name = chessaipractice;
			packageProductDependencies = (
			);
			productName = chessaipractice;
			productReference = 58E4654E2F412D4000FD881B /* chessaipractice.app */;
			productType = "com.apple.product-type.application";
		};
		58E4655D2F412D4200FD881B /* chessaipracticeTests */ = {
			isa = PBXNativeTarget;
			buildConfigurationList = 58E465752F412D4200FD881B /* Build configuration list for PBXNativeTarget "chessaipracticeTests" */;
			buildPhases = (
				58E4655A2F412D4200FD881B /* Sources */,
				58E4655B2F412D4200FD881B /* Frameworks */,
				58E4655C2F412D4200FD881B /* Resources */,
			);
			buildRules = (
			);
			dependencies = (
				58E465602F412D4200FD881B /* PBXTargetDependency */,
			);
			fileSystemSynchronizedGroups = (
				58E465612F412D4200FD881B /* chessaipracticeTests */,
			);
			name = chessaipracticeTests;
			packageProductDependencies = (
			);
			productName = chessaipracticeTests;
			productReference = 58E4655E2F412D4200FD881B /* chessaipracticeTests.xctest */;
			productType = "com.apple.product-type.bundle.unit-test";
		};
		58E465672F412D4200FD881B /* chessaipracticeUITests */ = {
			isa = PBXNativeTarget;
			buildConfigurationList = 58E465782F412D4200FD881B /* Build configuration list for PBXNativeTarget "chessaipracticeUITests" */;
			buildPhases = (
				58E465642F412D4200FD881B /* Sources */,
				58E465652F412D4200FD881B /* Frameworks */,
				58E465662F412D4200FD881B /* Resources */,
			);
			buildRules = (
			);
			dependencies = (
				58E4656A2F412D4200FD881B /* PBXTargetDependency */,
			);
			fileSystemSynchronizedGroups = (
				58E4656B2F412D4200FD881B /* chessaipracticeUITests */,
			);
			name = chessaipracticeUITests;
			packageProductDependencies = (
			);
			productName = chessaipracticeUITests;
			productReference = 58E465682F412D4200FD881B /* chessaipracticeUITests.xctest */;
			productType = "com.apple.product-type.bundle.ui-testing";
		};
/* End PBXNativeTarget section */

/* Begin PBXProject section */
		58E465462F412D4000FD881B /* Project object */ = {
			isa = PBXProject;
			attributes = {
				BuildIndependentTargetsInParallel = 1;
				LastSwiftUpdateCheck = 1600;
				LastUpgradeCheck = 1600;
				TargetAttributes = {
					58E4654D2F412D4000FD881B = {
						CreatedOnToolsVersion = 16.0;
					};
					58E4655D2F412D4200FD881B = {
						CreatedOnToolsVersion = 16.0;
						TestTargetID = 58E4654D2F412D4000FD881B;
					};
					58E465672F412D4200FD881B = {
						CreatedOnToolsVersion = 16.0;
						TestTargetID = 58E4654D2F412D4000FD881B;
					};
				};
			};
			buildConfigurationList = 58E465492F412D4000FD881B /* Build configuration list for PBXProject "chessaipractice" */;
			developmentRegion = en;
			hasScannedForEncodings = 0;
			knownRegions = (
				en,
				Base,
			);
			mainGroup = 58E465452F412D4000FD881B;
			minimizedProjectReferenceProxies = 1;
			preferredProjectObjectVersion = 77;
			productRefGroup = 58E4654F2F412D4000FD881B /* Products */;
			projectDirPath = "";
			projectRoot = "";
			targets = (
				58E4654D2F412D4000FD881B /* chessaipractice */,
				58E4655D2F412D4200FD881B /* chessaipracticeTests */,
				58E465672F412D4200FD881B /* chessaipracticeUITests */,
			);
		};
/* End PBXProject section */

/* Begin PBXResourcesBuildPhase section */
		58E4654C2F412D4000FD881B /* Resources */ = {
			isa = PBXResourcesBuildPhase;
			buildActionMask = 2147483647;
			files = (
			);
			runOnlyForDeploymentPostprocessing = 0;
		};
		58E4655C2F412D4200FD881B /* Resources */ = {
			isa = PBXResourcesBuildPhase;
			buildActionMask = 2147483647;
			files = (
			);
			runOnlyForDeploymentPostprocessing = 0;
		};
		58E465662F412D4200FD881B /* Resources */ = {
			isa = PBXResourcesBuildPhase;
			buildActionMask = 2147483647;
			files = (
			);
			runOnlyForDeploymentPostprocessing = 0;
		};
/* End PBXResourcesBuildPhase section */

/* Begin PBXSourcesBuildPhase section */
		58E4654A2F412D4000FD881B /* Sources */ = {
			isa = PBXSourcesBuildPhase;
			buildActionMask = 2147483647;
			files = (
				58E465922F412E0600FD881B /* README.md in Sources */,
			);
			runOnlyForDeploymentPostprocessing = 0;
		};
		58E4655A2F412D4200FD881B /* Sources */ = {
			isa = PBXSourcesBuildPhase;
			buildActionMask = 2147483647;
			files = (
			);
			runOnlyForDeploymentPostprocessing = 0;
		};
		58E465642F412D4200FD881B /* Sources */ = {
			isa = PBXSourcesBuildPhase;
			buildActionMask = 2147483647;
			files = (
			);
			runOnlyForDeploymentPostprocessing = 0;
		};
/* End PBXSourcesBuildPhase section */

/* Begin PBXTargetDependency section */
		58E465602F412D4200FD881B /* PBXTargetDependency */ = {
			isa = PBXTargetDependency;
			target = 58E4654D2F412D4000FD881B /* chessaipractice */;
			targetProxy = 58E4655F2F412D4200FD881B /* PBXContainerItemProxy */;
		};
		58E4656A2F412D4200FD881B /* PBXTargetDependency */ = {
			isa = PBXTargetDependency;
			target = 58E4654D2F412D4000FD881B /* chessaipractice */;
			targetProxy = 58E465692F412D4200FD881B /* PBXContainerItemProxy */;
		};
/* End PBXTargetDependency section */

/* Begin XCBuildConfiguration section */
		58E465702F412D4200FD881B /* Debug */ = {
			isa = XCBuildConfiguration;
			buildSettings = {
				ALWAYS_SEARCH_USER_PATHS = NO;
				ASSETCATALOG_COMPILER_GENERATE_SWIFT_ASSET_SYMBOL_EXTENSIONS = YES;
				CLANG_ANALYZER_NONNULL = YES;
				CLANG_ANALYZER_NUMBER_OBJECT_CONVERSION = YES_AGGRESSIVE;
				CLANG_CXX_LANGUAGE_STANDARD = "gnu++20";
				CLANG_ENABLE_MODULES = YES;
				CLANG_ENABLE_OBJC_ARC = YES;
				CLANG_ENABLE_OBJC_WEAK = YES;
				CLANG_WARN_BLOCK_CAPTURE_AUTORELEASING = YES;
				CLANG_WARN_BOOL_CONVERSION = YES;
				CLANG_WARN_COMMA = YES;
				CLANG_WARN_CONSTANT_CONVERSION = YES;
				CLANG_WARN_DEPRECATED_OBJC_IMPLEMENTATIONS = YES;
				CLANG_WARN_DIRECT_OBJC_ISA_USAGE = YES_ERROR;
				CLANG_WARN_DOCUMENTATION_COMMENTS = YES;
				CLANG_WARN_EMPTY_BODY = YES;
				CLANG_WARN_ENUM_CONVERSION = YES;
				CLANG_WARN_INFINITE_RECURSION = YES;
				CLANG_WARN_INT_CONVERSION = YES;
				CLANG_WARN_NON_LITERAL_NULL_CONVERSION = YES;
				CLANG_WARN_OBJC_IMPLICIT_RETAIN_SELF = YES;
				CLANG_WARN_OBJC_LITERAL_CONVERSION = YES;
				CLANG_WARN_OBJC_ROOT_CLASS = YES_ERROR;
				CLANG_WARN_QUOTED_INCLUDE_IN_FRAMEWORK_HEADER = YES;
				CLANG_WARN_RANGE_LOOP_ANALYSIS = YES;
				CLANG_WARN_STRICT_PROTOTYPES = YES;
				CLANG_WARN_SUSPICIOUS_MOVE = YES;
				CLANG_WARN_UNGUARDED_AVAILABILITY = YES_AGGRESSIVE;
				CLANG_WARN_UNREACHABLE_CODE = YES;
				CLANG_WARN__DUPLICATE_METHOD_MATCH = YES;
				COPY_PHASE_STRIP = NO;
				DEBUG_INFORMATION_FORMAT = dwarf;
				ENABLE_STRICT_OBJC_MSGSEND = YES;
				ENABLE_TESTABILITY = YES;
				ENABLE_USER_SCRIPT_SANDBOXING = YES;
				GCC_C_LANGUAGE_STANDARD = gnu17;
				GCC_DYNAMIC_NO_PIC = NO;
				GCC_NO_COMMON_BLOCKS = YES;
				GCC_OPTIMIZATION_LEVEL = 0;
				GCC_PREPROCESSOR_DEFINITIONS = (
					"DEBUG=1",
					"$(inherited)",
				);
				GCC_WARN_64_TO_32_BIT_CONVERSION = YES;
				GCC_WARN_ABOUT_RETURN_TYPE = YES_ERROR;
				GCC_WARN_UNDECLARED_SELECTOR = YES;
				GCC_WARN_UNINITIALIZED_AUTOS = YES_AGGRESSIVE;
				GCC_WARN_UNUSED_FUNCTION = YES;
				GCC_WARN_UNUSED_VARIABLE = YES;
				IPHONEOS_DEPLOYMENT_TARGET = 18.0;
				LOCALIZATION_PREFERS_STRING_CATALOGS = YES;
				MTL_ENABLE_DEBUG_INFO = INCLUDE_SOURCE;
				MTL_FAST_MATH = YES;
				ONLY_ACTIVE_ARCH = YES;
				SDKROOT = iphoneos;
				SWIFT_ACTIVE_COMPILATION_CONDITIONS = "DEBUG $(inherited)";
				SWIFT_OPTIMIZATION_LEVEL = "-Onone";
			};
			name = Debug;
		};
		58E465712F412D4200FD881B /* Release */ = {
			isa = XCBuildConfiguration;
			buildSettings = {
				ALWAYS_SEARCH_USER_PATHS = NO;
				ASSETCATALOG_COMPILER_GENERATE_SWIFT_ASSET_SYMBOL_EXTENSIONS = YES;
				CLANG_ANALYZER_NONNULL = YES;
				CLANG_ANALYZER_NUMBER_OBJECT_CONVERSION = YES_AGGRESSIVE;
				CLANG_CXX_LANGUAGE_STANDARD = "gnu++20";
				CLANG_ENABLE_MODULES = YES;
				CLANG_ENABLE_OBJC_ARC = YES;
				CLANG_ENABLE_OBJC_WEAK = YES;
				CLANG_WARN_BLOCK_CAPTURE_AUTORELEASING = YES;
				CLANG_WARN_BOOL_CONVERSION = YES;
				CLANG_WARN_COMMA = YES;
				CLANG_WARN_CONSTANT_CONVERSION = YES;
				CLANG_WARN_DEPRECATED_OBJC_IMPLEMENTATIONS = YES;
				CLANG_WARN_DIRECT_OBJC_ISA_USAGE = YES_ERROR;
				CLANG_WARN_DOCUMENTATION_COMMENTS = YES;
				CLANG_WARN_EMPTY_BODY = YES;
				CLANG_WARN_ENUM_CONVERSION = YES;
				CLANG_WARN_INFINITE_RECURSION = YES;
				CLANG_WARN_INT_CONVERSION = YES;
				CLANG_WARN_NON_LITERAL_NULL_CONVERSION = YES;
				CLANG_WARN_OBJC_IMPLICIT_RETAIN_SELF = YES;
				CLANG_WARN_OBJC_LITERAL_CONVERSION = YES;
				CLANG_WARN_OBJC_ROOT_CLASS = YES_ERROR;
				CLANG_WARN_QUOTED_INCLUDE_IN_FRAMEWORK_HEADER = YES;
				CLANG_WARN_RANGE_LOOP_ANALYSIS = YES;
				CLANG_WARN_STRICT_PROTOTYPES = YES;
				CLANG_WARN_SUSPICIOUS_MOVE = YES;
				CLANG_WARN_UNGUARDED_AVAILABILITY = YES_AGGRESSIVE;
				CLANG_WARN_UNREACHABLE_CODE = YES;
				CLANG_WARN__DUPLICATE_METHOD_MATCH = YES;
				COPY_PHASE_STRIP = NO;
				DEBUG_INFORMATION_FORMAT = "dwarf-with-dsym";
				ENABLE_NS_ASSERTIONS = NO;
				ENABLE_STRICT_OBJC_MSGSEND = YES;
				ENABLE_USER_SCRIPT_SANDBOXING = YES;
				GCC_C_LANGUAGE_STANDARD = gnu17;
				GCC_NO_COMMON_BLOCKS = YES;
				GCC_WARN_64_TO_32_BIT_CONVERSION = YES;
				GCC_WARN_ABOUT_RETURN_TYPE = YES_ERROR;
				GCC_WARN_UNDECLARED_SELECTOR = YES;
				GCC_WARN_UNINITIALIZED_AUTOS = YES_AGGRESSIVE;
				GCC_WARN_UNUSED_FUNCTION = YES;
				GCC_WARN_UNUSED_VARIABLE = YES;
				IPHONEOS_DEPLOYMENT_TARGET = 18.0;
				LOCALIZATION_PREFERS_STRING_CATALOGS = YES;
				MTL_ENABLE_DEBUG_INFO = NO;
				MTL_FAST_MATH = YES;
				SDKROOT = iphoneos;
				SWIFT_COMPILATION_MODE = wholemodule;
				VALIDATE_PRODUCT = YES;
			};
			name = Release;
		};
		58E465732F412D4200FD881B /* Debug */ = {
			isa = XCBuildConfiguration;
			buildSettings = {
				ASSETCATALOG_COMPILER_APPICON_NAME = AppIcon;
				ASSETCATALOG_COMPILER_GLOBAL_ACCENT_COLOR_NAME = AccentColor;
				CODE_SIGN_STYLE = Automatic;
				CURRENT_PROJECT_VERSION = 1;
				DEVELOPMENT_ASSET_PATHS = "\"chessaipractice/Preview Content\"";
				DEVELOPMENT_TEAM = TMN6MFG35F;
				ENABLE_PREVIEWS = YES;
				GENERATE_INFOPLIST_FILE = YES;
				INFOPLIST_KEY_UIApplicationSceneManifest_Generation = YES;
				INFOPLIST_KEY_UIApplicationSupportsIndirectInputEvents = YES;
				INFOPLIST_KEY_UILaunchScreen_Generation = YES;
				INFOPLIST_KEY_UISupportedInterfaceOrientations_iPad = "UIInterfaceOrientationPortrait UIInterfaceOrientationPortraitUpsideDown UIInterfaceOrientationLandscapeLeft UIInterfaceOrientationLandscapeRight";
				INFOPLIST_KEY_UISupportedInterfaceOrientations_iPhone = "UIInterfaceOrientationPortrait UIInterfaceOrientationLandscapeLeft UIInterfaceOrientationLandscapeRight";
				LD_RUNPATH_SEARCH_PATHS = (
					"$(inherited)",
					"@executable_path/Frameworks",
				);
				MARKETING_VERSION = 1.0;
				PRODUCT_BUNDLE_IDENTIFIER = com.riley.chessaipractice;
				PRODUCT_NAME = "$(TARGET_NAME)";
				SWIFT_EMIT_LOC_STRINGS = YES;
				SWIFT_VERSION = 5.0;
				TARGETED_DEVICE_FAMILY = "1,2";
			};
			name = Debug;
		};
		58E465742F412D4200FD881B /* Release */ = {
			isa = XCBuildConfiguration;
			buildSettings = {
				ASSETCATALOG_COMPILER_APPICON_NAME = AppIcon;
				ASSETCATALOG_COMPILER_GLOBAL_ACCENT_COLOR_NAME = AccentColor;
				CODE_SIGN_STYLE = Automatic;
				CURRENT_PROJECT_VERSION = 1;
				DEVELOPMENT_ASSET_PATHS = "\"chessaipractice/Preview Content\"";
				DEVELOPMENT_TEAM = TMN6MFG35F;
				ENABLE_PREVIEWS = YES;
				GENERATE_INFOPLIST_FILE = YES;
				INFOPLIST_KEY_UIApplicationSceneManifest_Generation = YES;
				INFOPLIST_KEY_UIApplicationSupportsIndirectInputEvents = YES;
				INFOPLIST_KEY_UILaunchScreen_Generation = YES;
				INFOPLIST_KEY_UISupportedInterfaceOrientations_iPad = "UIInterfaceOrientationPortrait UIInterfaceOrientationPortraitUpsideDown UIInterfaceOrientationLandscapeLeft UIInterfaceOrientationLandscapeRight";
				INFOPLIST_KEY_UISupportedInterfaceOrientations_iPhone = "UIInterfaceOrientationPortrait UIInterfaceOrientationLandscapeLeft UIInterfaceOrientationLandscapeRight";
				LD_RUNPATH_SEARCH_PATHS = (
					"$(inherited)",
					"@executable_path/Frameworks",
				);
				MARKETING_VERSION = 1.0;
				PRODUCT_BUNDLE_IDENTIFIER = com.riley.chessaipractice;
				PRODUCT_NAME = "$(TARGET_NAME)";
				SWIFT_EMIT_LOC_STRINGS = YES;
				SWIFT_VERSION = 5.0;
				TARGETED_DEVICE_FAMILY = "1,2";
			};
			name = Release;
		};
		58E465762F412D4200FD881B /* Debug */ = {
			isa = XCBuildConfiguration;
			buildSettings = {
				BUNDLE_LOADER = "$(TEST_HOST)";
				CODE_SIGN_STYLE = Automatic;
				CURRENT_PROJECT_VERSION = 1;
				DEVELOPMENT_TEAM = TMN6MFG35F;
				GENERATE_INFOPLIST_FILE = YES;
				IPHONEOS_DEPLOYMENT_TARGET = 18.0;
				MARKETING_VERSION = 1.0;
				PRODUCT_BUNDLE_IDENTIFIER = com.riley.chessaipracticeTests;
				PRODUCT_NAME = "$(TARGET_NAME)";
				SWIFT_EMIT_LOC_STRINGS = NO;
				SWIFT_VERSION = 5.0;
				TARGETED_DEVICE_FAMILY = "1,2";
				TEST_HOST = "$(BUILT_PRODUCTS_DIR)/chessaipractice.app/$(BUNDLE_EXECUTABLE_FOLDER_PATH)/chessaipractice";
			};
			name = Debug;
		};
		58E465772F412D4200FD881B /* Release */ = {
			isa = XCBuildConfiguration;
			buildSettings = {
				BUNDLE_LOADER = "$(TEST_HOST)";
				CODE_SIGN_STYLE = Automatic;
				CURRENT_PROJECT_VERSION = 1;
				DEVELOPMENT_TEAM = TMN6MFG35F;
				GENERATE_INFOPLIST_FILE = YES;
				IPHONEOS_DEPLOYMENT_TARGET = 18.0;
				MARKETING_VERSION = 1.0;
				PRODUCT_BUNDLE_IDENTIFIER = com.riley.chessaipracticeTests;
				PRODUCT_NAME = "$(TARGET_NAME)";
				SWIFT_EMIT_LOC_STRINGS = NO;
				SWIFT_VERSION = 5.0;
				TARGETED_DEVICE_FAMILY = "1,2";
				TEST_HOST = "$(BUILT_PRODUCTS_DIR)/chessaipractice.app/$(BUNDLE_EXECUTABLE_FOLDER_PATH)/chessaipractice";
			};
			name = Release;
		};
		58E465792F412D4200FD881B /* Debug */ = {
			isa = XCBuildConfiguration;
			buildSettings = {
				CODE_SIGN_STYLE = Automatic;
				CURRENT_PROJECT_VERSION = 1;
				DEVELOPMENT_TEAM = TMN6MFG35F;
				GENERATE_INFOPLIST_FILE = YES;
				MARKETING_VERSION = 1.0;
				PRODUCT_BUNDLE_IDENTIFIER = com.riley.chessaipracticeUITests;
				PRODUCT_NAME = "$(TARGET_NAME)";
				SWIFT_EMIT_LOC_STRINGS = NO;
				SWIFT_VERSION = 5.0;
				TARGETED_DEVICE_FAMILY = "1,2";
				TEST_TARGET_NAME = chessaipractice;
			};
			name = Debug;
		};
		58E4657A2F412D4200FD881B /* Release */ = {
			isa = XCBuildConfiguration;
			buildSettings = {
				CODE_SIGN_STYLE = Automatic;
				CURRENT_PROJECT_VERSION = 1;
				DEVELOPMENT_TEAM = TMN6MFG35F;
				GENERATE_INFOPLIST_FILE = YES;
				MARKETING_VERSION = 1.0;
				PRODUCT_BUNDLE_IDENTIFIER = com.riley.chessaipracticeUITests;
				PRODUCT_NAME = "$(TARGET_NAME)";
				SWIFT_EMIT_LOC_STRINGS = NO;
				SWIFT_VERSION = 5.0;
				TARGETED_DEVICE_FAMILY = "1,2";
				TEST_TARGET_NAME = chessaipractice;
			};
			name = Release;
		};
/* End XCBuildConfiguration section */

/* Begin XCConfigurationList section */
		58E465492F412D4000FD881B /* Build configuration list for PBXProject "chessaipractice" */ = {
			isa = XCConfigurationList;
			buildConfigurations = (
				58E465702F412D4200FD881B /* Debug */,
				58E465712F412D4200FD881B /* Release */,
			);
			defaultConfigurationIsVisible = 0;
			defaultConfigurationName = Release;
		};
		58E465722F412D4200FD881B /* Build configuration list for PBXNativeTarget "chessaipractice" */ = {
			isa = XCConfigurationList;
			buildConfigurations = (
				58E465732F412D4200FD881B /* Debug */,
				58E465742F412D4200FD881B /* Release */,
			);
			defaultConfigurationIsVisible = 0;
			defaultConfigurationName = Release;
		};
		58E465752F412D4200FD881B /* Build configuration list for PBXNativeTarget "chessaipracticeTests" */ = {
			isa = XCConfigurationList;
			buildConfigurations = (
				58E465762F412D4200FD881B /* Debug */,
				58E465772F412D4200FD881B /* Release */,
			);
			defaultConfigurationIsVisible = 0;
			defaultConfigurationName = Release;
		};
		58E465782F412D4200FD881B /* Build configuration list for PBXNativeTarget "chessaipracticeUITests" */ = {
			isa = XCConfigurationList;
			buildConfigurations = (
				58E465792F412D4200FD881B /* Debug */,
				58E4657A2F412D4200FD881B /* Release */,
			);
			defaultConfigurationIsVisible = 0;
			defaultConfigurationName = Release;
		};
/* End XCConfigurationList section */
	};
	rootObject = 58E465462F412D4000FD881B /* Project object */;
}
